# THIS IS AN AUTOGENERATED FILE. DO NOT EDIT THIS FILE DIRECTLY.
# yarn lockfile v1


applescript@^1.0.0:
  version "1.0.0"
  resolved "https://artifactory.corp.adobe.com:443/artifactory/api/npm/npm-ccx-release/applescript/-/applescript-1.0.0.tgz#bb87af568cad034a4e48c4bdaf6067a3a2701317"
  integrity sha1-u4evVoytA0pOSMS9r2Bno6JwExc=

cross-spawn@^6.0.0:
  version "6.0.5"
  resolved "https://artifactory.corp.adobe.com:443/artifactory/api/npm/npm-ccx-release/cross-spawn/-/cross-spawn-6.0.5.tgz#4a5ec7c64dfae22c3a14124dbacdee846d80cbc4"
  integrity sha1-Sl7Hxk364iw6FBJNus3uhG2Ay8Q=
  dependencies:
    nice-try "^1.0.4"
    path-key "^2.0.1"
    semver "^5.5.0"
    shebang-command "^1.2.0"
    which "^1.2.9"

escape-string-applescript@^2.0.0:
  version "2.0.0"
  resolved "https://artifactory.corp.adobe.com:443/artifactory/api/npm/npm-ccx-release/escape-string-applescript/-/escape-string-applescript-2.0.0.tgz#760bca838668e408fe5ee52ce42caf7cb46c5273"
  integrity sha1-dgvKg4Zo5Aj+XuUs5CyvfLRsUnM=

esm@^3.0.84:
  version "3.2.25"
  resolved "https://artifactory.corp.adobe.com:443/artifactory/api/npm/npm-ccx-release/esm/-/esm-3.2.25.tgz#342c18c29d56157688ba5ce31f8431fbb795cc10"
  integrity sha1-NCwYwp1WFXaIulzjH4Qx+7eVzBA=

execa@^0.10.0:
  version "0.10.0"
  resolved "https://artifactory.corp.adobe.com:443/artifactory/api/npm/npm-ccx-release/execa/-/execa-0.10.0.tgz#ff456a8f53f90f8eccc71a96d11bdfc7f082cb50"
  integrity sha1-/0Vqj1P5D47MxxqW0Rvfx/CCy1A=
  dependencies:
    cross-spawn "^6.0.0"
    get-stream "^3.0.0"
    is-stream "^1.1.0"
    npm-run-path "^2.0.0"
    p-finally "^1.0.0"
    signal-exit "^3.0.0"
    strip-eof "^1.0.0"

fandy@^1.0.4:
  version "1.2.0"
  resolved "https://artifactory.corp.adobe.com:443/artifactory/api/npm/npm-ccx-release/fandy/-/fandy-1.2.0.tgz#bb9d28573173a6d5195e32b9c75a345b813a22f9"
  integrity sha1-u50oVzFzptUZXjK5x1o0W4E6Ivk=
  dependencies:
    esm "^3.0.84"

get-stream@^3.0.0:
  version "3.0.0"
  resolved "https://artifactory.corp.adobe.com:443/artifactory/api/npm/npm-ccx-release/get-stream/-/get-stream-3.0.0.tgz#8e943d1358dc37555054ecbe2edb05aa174ede14"
  integrity sha1-jpQ9E1jcN1VQVOy+LtsFqhdO3hQ=

is-stream@^1.1.0:
  version "1.1.0"
  resolved "https://artifactory.corp.adobe.com:443/artifactory/api/npm/npm-ccx-release/is-stream/-/is-stream-1.1.0.tgz#12d4a3dd4e68e0b79ceb8dbc84173ae80d91ca44"
  integrity sha1-EtSj3U5o4Lec6428hBc66A2RykQ=

isexe@^2.0.0:
  version "2.0.0"
  resolved "https://artifactory.corp.adobe.com:443/artifactory/api/npm/npm-ccx-release/isexe/-/isexe-2.0.0.tgz#e8fbf374dc556ff8947a10dcb0572d633f2cfa10"
  integrity sha1-6PvzdNxVb/iUehDcsFctYz8s+hA=

nice-try@^1.0.4:
  version "1.0.5"
  resolved "https://artifactory.corp.adobe.com:443/artifactory/api/npm/npm-ccx-release/nice-try/-/nice-try-1.0.5.tgz#a3378a7696ce7d223e88fc9b764bd7ef1089e366"
  integrity sha1-ozeKdpbOfSI+iPybdkvX7xCJ42Y=

npm-run-path@^2.0.0:
  version "2.0.2"
  resolved "https://artifactory.corp.adobe.com:443/artifactory/api/npm/npm-ccx-release/npm-run-path/-/npm-run-path-2.0.2.tgz#35a9232dfa35d7067b4cb2ddf2357b1871536c5f"
  integrity sha1-NakjLfo11wZ7TLLd8jV7GHFTbF8=
  dependencies:
    path-key "^2.0.0"

p-finally@^1.0.0:
  version "1.0.0"
  resolved "https://artifactory.corp.adobe.com:443/artifactory/api/npm/npm-ccx-release/p-finally/-/p-finally-1.0.0.tgz#3fbcfb15b899a44123b34b6dcc18b724336a2cae"
  integrity sha1-P7z7FbiZpEEjs0ttzBi3JDNqLK4=

path-key@^2.0.0, path-key@^2.0.1:
  version "2.0.1"
  resolved "https://artifactory.corp.adobe.com:443/artifactory/api/npm/npm-ccx-release/path-key/-/path-key-2.0.1.tgz#411cadb574c5a140d3a4b1910d40d80cc9f40b40"
  integrity sha1-QRyttXTFoUDTpLGRDUDYDMn0C0A=

run-applescript@^3.2.0:
  version "3.2.0"
  resolved "https://artifactory.corp.adobe.com:443/artifactory/api/npm/npm-ccx-release/run-applescript/-/run-applescript-3.2.0.tgz#73fb34ce85d3de8076d511ea767c30d4fdfc918b"
  integrity sha1-c/s0zoXT3oB21RHqdnww1P38kYs=
  dependencies:
    execa "^0.10.0"

semver@^5.5.0:
  version "5.7.1"
  resolved "https://artifactory.corp.adobe.com:443/artifactory/api/npm/npm-ccx-release/semver/-/semver-5.7.1.tgz#a954f931aeba508d307bbf069eff0c01c96116f7"
  integrity sha1-qVT5Ma66UI0we78Gnv8MAclhFvc=

shebang-command@^1.2.0:
  version "1.2.0"
  resolved "https://artifactory.corp.adobe.com:443/artifactory/api/npm/npm-ccx-release/shebang-command/-/shebang-command-1.2.0.tgz#44aac65b695b03398968c39f363fee5deafdf1ea"
  integrity sha1-RKrGW2lbAzmJaMOfNj/uXer98eo=
  dependencies:
    shebang-regex "^1.0.0"

shebang-regex@^1.0.0:
  version "1.0.0"
  resolved "https://artifactory.corp.adobe.com:443/artifactory/api/npm/npm-ccx-release/shebang-regex/-/shebang-regex-1.0.0.tgz#da42f49740c0b42db2ca9728571cb190c98efea3"
  integrity sha1-2kL0l0DAtC2yypcoVxyxkMmO/qM=

signal-exit@^3.0.0:
  version "3.0.2"
  resolved "https://artifactory.corp.adobe.com:443/artifactory/api/npm/npm-ccx-release/signal-exit/-/signal-exit-3.0.2.tgz#b5fdc08f1287ea1178628e415e25132b73646c6d"
  integrity sha1-tf3AjxKH6hF4Yo5BXiUTK3NkbG0=

strip-eof@^1.0.0:
  version "1.0.0"
  resolved "https://artifactory.corp.adobe.com:443/artifactory/api/npm/npm-ccx-release/strip-eof/-/strip-eof-1.0.0.tgz#bb43ff5598a6eb05d89b59fcd129c983313606bf"
  integrity sha1-u0P/VZim6wXYm1n80SnJgzE2Br8=

which@^1.2.9:
  version "1.3.1"
  resolved "https://artifactory.corp.adobe.com:443/artifactory/api/npm/npm-ccx-release/which/-/which-1.3.1.tgz#a45043d54f5805316da8d62f9f50918d3da70b0a"
  integrity sha1-pFBD1U9YBTFtqNYvn1CRjT2nCwo=
  dependencies:
    isexe "^2.0.0"
